// !$*UTF8*$!
{
	archiveVersion = 1;
	classes = {
	};
	objectVersion = 46;
	objects = {

/* Begin PBXBuildFile section */
		B67CE1D521C75A74006F8D88 /* AppDelegate.swift in Sources */ = {isa = PBXBuildFile; fileRef = B67CE1D421C75A74006F8D88 /* AppDelegate.swift */; };
		B67CE1D721C75A74006F8D88 /* ViewController.swift in Sources */ = {isa = PBXBuildFile; fileRef = B67CE1D621C75A74006F8D88 /* ViewController.swift */; };
		B67CE1DA21C75A74006F8D88 /* Main.storyboard in Resources */ = {isa = PBXBuildFile; fileRef = B67CE1D821C75A74006F8D88 /* Main.storyboard */; };
		B67CE1DD21C75A74006F8D88 /* DemoiOS.xcdatamodeld in Sources */ = {isa = PBXBuildFile; fileRef = B67CE1DB21C75A74006F8D88 /* DemoiOS.xcdatamodeld */; };
		B67CE1DF21C75A74006F8D88 /* Assets.xcassets in Resources */ = {isa = PBXBuildFile; fileRef = B67CE1DE21C75A74006F8D88 /* Assets.xcassets */; };
		B67CE1E221C75A74006F8D88 /* LaunchScreen.storyboard in Resources */ = {isa = PBXBuildFile; fileRef = B67CE1E021C75A74006F8D88 /* LaunchScreen.storyboard */; };
		B67CE1ED21C75A74006F8D88 /* DemoiOSTests.swift in Sources */ = {isa = PBXBuildFile; fileRef = B67CE1EC21C75A74006F8D88 /* DemoiOSTests.swift */; };
		B67CE1F821C75A74006F8D88 /* DemoiOSUITests.swift in Sources */ = {isa = PBXBuildFile; fileRef = B67CE1F721C75A74006F8D88 /* DemoiOSUITests.swift */; };
		B67CE20F21C7A717006F8D88 /* MyApp.storyboard in Resources */ = {isa = PBXBuildFile; fileRef = B67CE20E21C7A717006F8D88 /* MyApp.storyboard */; };
/* End PBXBuildFile section */

/* Begin PBXContainerItemProxy section */
		B67CE1E921C75A74006F8D88 /* PBXContainerItemProxy */ = {
			isa = PBXContainerItemProxy;
			containerPortal = B67CE1C921C75A74006F8D88 /* Project object */;
			proxyType = 1;
			remoteGlobalIDString = B67CE1D021C75A74006F8D88;
			remoteInfo = DemoiOS;
		};
		B67CE1F421C75A74006F8D88 /* PBXContainerItemProxy */ = {
			isa = PBXContainerItemProxy;
			containerPortal = B67CE1C921C75A74006F8D88 /* Project object */;
			proxyType = 1;
			remoteGlobalIDString = B67CE1D021C75A74006F8D88;
			remoteInfo = DemoiOS;
		};
/* End PBXContainerItemProxy section */

/* Begin PBXFileReference section */
		B67CE1D121C75A74006F8D88 /* DemoiOS.app */ = {isa = PBXFileReference; explicitFileType = wrapper.application; includeInIndex = 0; path = DemoiOS.app; sourceTree = BUILT_PRODUCTS_DIR; };
		B67CE1D421C75A74006F8D88 /* AppDelegate.swift */ = {isa = PBXFileReference; lastKnownFileType = sourcecode.swift; path = AppDelegate.swift; sourceTree = "<group>"; };
		B67CE1D621C75A74006F8D88 /* ViewController.swift */ = {isa = PBXFileReference; lastKnownFileType = sourcecode.swift; path = ViewController.swift; sourceTree = "<group>"; };
		B67CE1D921C75A74006F8D88 /* Base */ = {isa = PBXFileReference; lastKnownFileType = file.storyboard; name = Base; path = Base.lproj/Main.storyboard; sourceTree = "<group>"; };
		B67CE1DC21C75A74006F8D88 /* DemoiOS.xcdatamodel */ = {isa = PBXFileReference; lastKnownFileType = wrapper.xcdatamodel; path = DemoiOS.xcdatamodel; sourceTree = "<group>"; };
		B67CE1DE21C75A74006F8D88 /* Assets.xcassets */ = {isa = PBXFileReference; lastKnownFileType = folder.assetcatalog; path = Assets.xcassets; sourceTree = "<group>"; };
		B67CE1E121C75A74006F8D88 /* Base */ = {isa = PBXFileReference; lastKnownFileType = file.storyboard; name = Base; path = Base.lproj/LaunchScreen.storyboard; sourceTree = "<group>"; };
		B67CE1E321C75A74006F8D88 /* Info.plist */ = {isa = PBXFileReference; lastKnownFileType = text.plist.xml; path = Info.plist; sourceTree = "<group>"; };
		B67CE1E821C75A74006F8D88 /* DemoiOSTests.xctest */ = {isa = PBXFileReference; explicitFileType = wrapper.cfbundle; includeInIndex = 0; path = DemoiOSTests.xctest; sourceTree = BUILT_PRODUCTS_DIR; };
		B67CE1EC21C75A74006F8D88 /* DemoiOSTests.swift */ = {isa = PBXFileReference; lastKnownFileType = sourcecode.swift; path = DemoiOSTests.swift; sourceTree = "<group>"; };
		B67CE1EE21C75A74006F8D88 /* Info.plist */ = {isa = PBXFileReference; lastKnownFileType = text.plist.xml; path = Info.plist; sourceTree = "<group>"; };
		B67CE1F321C75A74006F8D88 /* DemoiOSUITests.xctest */ = {isa = PBXFileReference; explicitFileType = wrapper.cfbundle; includeInIndex = 0; path = DemoiOSUITests.xctest; sourceTree = BUILT_PRODUCTS_DIR; };
		B67CE1F721C75A74006F8D88 /* DemoiOSUITests.swift */ = {isa = PBXFileReference; lastKnownFileType = sourcecode.swift; path = DemoiOSUITests.swift; sourceTree = "<group>"; };
		B67CE1F921C75A74006F8D88 /* Info.plist */ = {isa = PBXFileReference; lastKnownFileType = text.plist.xml; path = Info.plist; sourceTree = "<group>"; };
		B67CE20E21C7A717006F8D88 /* MyApp.storyboard */ = {isa = PBXFileReference; fileEncoding = 4; lastKnownFileType = file.storyboard; path = MyApp.storyboard; sourceTree = "<group>"; };
/* End PBXFileReference section */

/* Begin PBXFrameworksBuildPhase section */
		B67CE1CE21C75A74006F8D88 /* Frameworks */ = {
			isa = PBXFrameworksBuildPhase;
			buildActionMask = 2147483647;
			files = (
			);
			runOnlyForDeploymentPostprocessing = 0;
		};
		B67CE1E521C75A74006F8D88 /* Frameworks */ = {
			isa = PBXFrameworksBuildPhase;
			buildActionMask = 2147483647;
			files = (
			);
			runOnlyForDeploymentPostprocessing = 0;
		};
		B67CE1F021C75A74006F8D88 /* Frameworks */ = {
			isa = PBXFrameworksBuildPhase;
			buildActionMask = 2147483647;
			files = (
			);
			runOnlyForDeploymentPostprocessing = 0;
		};
/* End PBXFrameworksBuildPhase section */

/* Begin PBXGroup section */
		B67CE1C821C75A74006F8D88 = {
			isa = PBXGroup;
			children = (
				B67CE1D321C75A74006F8D88 /* DemoiOS */,
				B67CE1EB21C75A74006F8D88 /* DemoiOSTests */,
				B67CE1F621C75A74006F8D88 /* DemoiOSUITests */,
				B67CE1D221C75A74006F8D88 /* Products */,
			);
			sourceTree = "<group>";
		};
		B67CE1D221C75A74006F8D88 /* Products */ = {
			isa = PBXGroup;
			children = (
				B67CE1D121C75A74006F8D88 /* DemoiOS.app */,
				B67CE1E821C75A74006F8D88 /* DemoiOSTests.xctest */,
				B67CE1F321C75A74006F8D88 /* DemoiOSUITests.xctest */,
			);
			name = Products;
			sourceTree = "<group>";
		};
		B67CE1D321C75A74006F8D88 /* DemoiOS */ = {
			isa = PBXGroup;
			children = (
				B67CE1D421C75A74006F8D88 /* AppDelegate.swift */,
				B67CE1D621C75A74006F8D88 /* ViewController.swift */,
				B67CE1D821C75A74006F8D88 /* Main.storyboard */,
				B67CE1DE21C75A74006F8D88 /* Assets.xcassets */,
				B67CE1E021C75A74006F8D88 /* LaunchScreen.storyboard */,
				B67CE1E321C75A74006F8D88 /* Info.plist */,
				B67CE1DB21C75A74006F8D88 /* DemoiOS.xcdatamodeld */,
				B67CE20E21C7A717006F8D88 /* MyApp.storyboard */,
			);
			path = DemoiOS;
			sourceTree = "<group>";
		};
		B67CE1EB21C75A74006F8D88 /* DemoiOSTests */ = {
			isa = PBXGroup;
			children = (
				B67CE1EC21C75A74006F8D88 /* DemoiOSTests.swift */,
				B67CE1EE21C75A74006F8D88 /* Info.plist */,
			);
			path = DemoiOSTests;
			sourceTree = "<group>";
		};
		B67CE1F621C75A74006F8D88 /* DemoiOSUITests */ = {
			isa = PBXGroup;
			children = (
				B67CE1F721C75A74006F8D88 /* DemoiOSUITests.swift */,
				B67CE1F921C75A74006F8D88 /* Info.plist */,
			);
			path = DemoiOSUITests;
			sourceTree = "<group>";
		};
/* End PBXGroup section */

/* Begin PBXNativeTarget section */
		B67CE1D021C75A74006F8D88 /* DemoiOS */ = {
			isa = PBXNativeTarget;
			buildConfigurationList = B67CE1FC21C75A74006F8D88 /* Build configuration list for PBXNativeTarget "DemoiOS" */;
			buildPhases = (
				B67CE1CD21C75A74006F8D88 /* Sources */,
				B67CE1CE21C75A74006F8D88 /* Frameworks */,
				B67CE1CF21C75A74006F8D88 /* Resources */,
			);
			buildRules = (
			);
			dependencies = (
			);
			name = DemoiOS;
			productName = DemoiOS;
			productReference = B67CE1D121C75A74006F8D88 /* DemoiOS.app */;
			productType = "com.apple.product-type.application";
		};
		B67CE1E721C75A74006F8D88 /* DemoiOSTests */ = {
			isa = PBXNativeTarget;
			buildConfigurationList = B67CE1FF21C75A74006F8D88 /* Build configuration list for PBXNativeTarget "DemoiOSTests" */;
			buildPhases = (
				B67CE1E421C75A74006F8D88 /* Sources */,
				B67CE1E521C75A74006F8D88 /* Frameworks */,
				B67CE1E621C75A74006F8D88 /* Resources */,
			);
			buildRules = (
			);
			dependencies = (
				B67CE1EA21C75A74006F8D88 /* PBXTargetDependency */,
			);
			name = DemoiOSTests;
			productName = DemoiOSTests;
			productReference = B67CE1E821C75A74006F8D88 /* DemoiOSTests.xctest */;
			productType = "com.apple.product-type.bundle.unit-test";
		};
		B67CE1F221C75A74006F8D88 /* DemoiOSUITests */ = {
			isa = PBXNativeTarget;
			buildConfigurationList = B67CE20221C75A74006F8D88 /* Build configuration list for PBXNativeTarget "DemoiOSUITests" */;
			buildPhases = (
				B67CE1EF21C75A74006F8D88 /* Sources */,
				B67CE1F021C75A74006F8D88 /* Frameworks */,
				B67CE1F121C75A74006F8D88 /* Resources */,
			);
			buildRules = (
			);
			dependencies = (
				B67CE1F521C75A74006F8D88 /* PBXTargetDependency */,
			);
			name = DemoiOSUITests;
			productName = DemoiOSUITests;
			productReference = B67CE1F321C75A74006F8D88 /* DemoiOSUITests.xctest */;
			productType = "com.apple.product-type.bundle.ui-testing";
		};
/* End PBXNativeTarget section */

/* Begin PBXProject section */
		B67CE1C921C75A74006F8D88 /* Project object */ = {
			isa = PBXProject;
			attributes = {
				LastSwiftUpdateCheck = 0730;
				LastUpgradeCheck = 0730;
				ORGANIZATIONNAME = dev;
				TargetAttributes = {
					B67CE1D021C75A74006F8D88 = {
						CreatedOnToolsVersion = 7.3.1;
					};
					B67CE1E721C75A74006F8D88 = {
						CreatedOnToolsVersion = 7.3.1;
						TestTargetID = B67CE1D021C75A74006F8D88;
					};
					B67CE1F221C75A74006F8D88 = {
						CreatedOnToolsVersion = 7.3.1;
						TestTargetID = B67CE1D021C75A74006F8D88;
					};
				};
			};
			buildConfigurationList = B67CE1CC21C75A74006F8D88 /* Build configuration list for PBXProject "DemoiOS" */;
			compatibilityVersion = "Xcode 3.2";
			developmentRegion = English;
			hasScannedForEncodings = 0;
			knownRegions = (
				en,
				Base,
			);
			mainGroup = B67CE1C821C75A74006F8D88;
			productRefGroup = B67CE1D221C75A74006F8D88 /* Products */;
			projectDirPath = "";
			projectRoot = "";
			targets = (
				B67CE1D021C75A74006F8D88 /* DemoiOS */,
				B67CE1E721C75A74006F8D88 /* DemoiOSTests */,
				B67CE1F221C75A74006F8D88 /* DemoiOSUITests */,
			);
		};
/* End PBXProject section */

/* Begin PBXResourcesBuildPhase section */
		B67CE1CF21C75A74006F8D88 /* Resources */ = {
			isa = PBXResourcesBuildPhase;
			buildActionMask = 2147483647;
			files = (
				B67CE1E221C75A74006F8D88 /* LaunchScreen.storyboard in Resources */,
				B67CE1DF21C75A74006F8D88 /* Assets.xcassets in Resources */,
				B67CE20F21C7A717006F8D88 /* MyApp.storyboard in Resources */,
				B67CE1DA21C75A74006F8D88 /* Main.storyboard in Resources */,
			);
			runOnlyForDeploymentPostprocessing = 0;
		};
		B67CE1E621C75A74006F8D88 /* Resources */ = {
			isa = PBXResourcesBuildPhase;
			buildActionMask = 2147483647;
			files = (
			);
			runOnlyForDeploymentPostprocessing = 0;
		};
		B67CE1F121C75A74006F8D88 /* Resources */ = {
			isa = PBXResourcesBuildPhase;
			buildActionMask = 2147483647;
			files = (
			);
			runOnlyForDeploymentPostprocessing = 0;
		};
/* End PBXResourcesBuildPhase section */

/* Begin PBXSourcesBuildPhase section */
		B67CE1CD21C75A74006F8D88 /* Sources */ = {
			isa = PBXSourcesBuildPhase;
			buildActionMask = 2147483647;
			files = (
				B67CE1DD21C75A74006F8D88 /* DemoiOS.xcdatamodeld in Sources */,
				B67CE1D721C75A74006F8D88 /* ViewController.swift in Sources */,
				B67CE1D521C75A74006F8D88 /* AppDelegate.swift in Sources */,
			);
			runOnlyForDeploymentPostprocessing = 0;
		};
		B67CE1E421C75A74006F8D88 /* Sources */ = {
			isa = PBXSourcesBuildPhase;
			buildActionMask = 2147483647;
			files = (
				B67CE1ED21C75A74006F8D88 /* DemoiOSTests.swift in Sources */,
			);
			runOnlyForDeploymentPostprocessing = 0;
		};
		B67CE1EF21C75A74006F8D88 /* Sources */ = {
			isa = PBXSourcesBuildPhase;
			buildActionMask = 2147483647;
			files = (
				B67CE1F821C75A74006F8D88 /* DemoiOSUITests.swift in Sources */,
			);
			runOnlyForDeploymentPostprocessing = 0;
		};
/* End PBXSourcesBuildPhase section */

/* Begin PBXTargetDependency section */
		B67CE1EA21C75A74006F8D88 /* PBXTargetDependency */ = {
			isa = PBXTargetDependency;
			target = B67CE1D021C75A74006F8D88 /* DemoiOS */;
			targetProxy = B67CE1E921C75A74006F8D88 /* PBXContainerItemProxy */;
		};
		B67CE1F521C75A74006F8D88 /* PBXTargetDependency */ = {
			isa = PBXTargetDependency;
			target = B67CE1D021C75A74006F8D88 /* DemoiOS */;
			targetProxy = B67CE1F421C75A74006F8D88 /* PBXContainerItemProxy */;
		};
/* End PBXTargetDependency section */

/* Begin PBXVariantGroup section */
		B67CE1D821C75A74006F8D88 /* Main.storyboard */ = {
			isa = PBXVariantGroup;
			children = (
				B67CE1D921C75A74006F8D88 /* Base */,
			);
			name = Main.storyboard;
			sourceTree = "<group>";
		};
		B67CE1E021C75A74006F8D88 /* LaunchScreen.storyboard */ = {
			isa = PBXVariantGroup;
			children = (
				B67CE1E121C75A74006F8D88 /* Base */,
			);
			name = LaunchScreen.storyboard;
			sourceTree = "<group>";
		};
/* End PBXVariantGroup section */

/* Begin XCBuildConfiguration section */
		B67CE1FA21C75A74006F8D88 /* Debug */ = {
			isa = XCBuildConfiguration;
			buildSettings = {
				ALWAYS_SEARCH_USER_PATHS = NO;
				CLANG_ANALYZER_NONNULL = YES;
				CLANG_CXX_LANGUAGE_STANDARD = "gnu++0x";
				CLANG_CXX_LIBRARY = "libc++";
				CLANG_ENABLE_MODULES = YES;
				CLANG_ENABLE_OBJC_ARC = YES;
				CLANG_WARN_BOOL_CONVERSION = YES;
				CLANG_WARN_CONSTANT_CONVERSION = YES;
				CLANG_WARN_DIRECT_OBJC_ISA_USAGE = YES_ERROR;
				CLANG_WARN_EMPTY_BODY = YES;
				CLANG_WARN_ENUM_CONVERSION = YES;
				CLANG_WARN_INT_CONVERSION = YES;
				CLANG_WARN_OBJC_ROOT_CLASS = YES_ERROR;
				CLANG_WARN_UNREACHABLE_CODE = YES;
				CLANG_WARN__DUPLICATE_METHOD_MATCH = YES;
				"CODE_SIGN_IDENTITY[sdk=iphoneos*]" = "iPhone Developer";
				COPY_PHASE_STRIP = NO;
				DEBUG_INFORMATION_FORMAT = dwarf;
				ENABLE_STRICT_OBJC_MSGSEND = YES;
				ENABLE_TESTABILITY = YES;
				GCC_C_LANGUAGE_STANDARD = gnu99;
				GCC_DYNAMIC_NO_PIC = NO;
				GCC_NO_COMMON_BLOCKS = YES;
				GCC_OPTIMIZATION_LEVEL = 0;
				GCC_PREPROCESSOR_DEFINITIONS = (
					"DEBUG=1",
					"$(inherited)",
				);
				GCC_WARN_64_TO_32_BIT_CONVERSION = YES;
				GCC_WARN_ABOUT_RETURN_TYPE = YES_ERROR;
				GCC_WARN_UNDECLARED_SELECTOR = YES;
				GCC_WARN_UNINITIALIZED_AUTOS = YES_AGGRESSIVE;
				GCC_WARN_UNUSED_FUNCTION = YES;
				GCC_WARN_UNUSED_VARIABLE = YES;
				IPHONEOS_DEPLOYMENT_TARGET = 9.3;
				MTL_ENABLE_DEBUG_INFO = YES;
				ONLY_ACTIVE_ARCH = YES;
				SDKROOT = iphoneos;
				SWIFT_OPTIMIZATION_LEVEL = "-Onone";
			};
			name = Debug;
		};
		B67CE1FB21C75A74006F8D88 /* Release */ = {
			isa = XCBuildConfiguration;
			buildSettings = {
				ALWAYS_SEARCH_USER_PATHS = NO;
				CLANG_ANALYZER_NONNULL = YES;
				CLANG_CXX_LANGUAGE_STANDARD = "gnu++0x";
				CLANG_CXX_LIBRARY = "libc++";
				CLANG_ENABLE_MODULES = YES;
				CLANG_ENABLE_OBJC_ARC = YES;
				CLANG_WARN_BOOL_CONVERSION = YES;
				CLANG_WARN_CONSTANT_CONVERSION = YES;
				CLANG_WARN_DIRECT_OBJC_ISA_USAGE = YES_ERROR;
				CLANG_WARN_EMPTY_BODY = YES;
				CLANG_WARN_ENUM_CONVERSION = YES;
				CLANG_WARN_INT_CONVERSION = YES;
				CLANG_WARN_OBJC_ROOT_CLASS = YES_ERROR;
				CLANG_WARN_UNREACHABLE_CODE = YES;
				CLANG_WARN__DUPLICATE_METHOD_MATCH = YES;
				"CODE_SIGN_IDENTITY[sdk=iphoneos*]" = "iPhone Developer";
				COPY_PHASE_STRIP = NO;
				DEBUG_INFORMATION_FORMAT = "dwarf-with-dsym";
				ENABLE_NS_ASSERTIONS = NO;
				ENABLE_STRICT_OBJC_MSGSEND = YES;
				GCC_C_LANGUAGE_STANDARD = gnu99;
				GCC_NO_COMMON_BLOCKS = YES;
				GCC_WARN_64_TO_32_BIT_CONVERSION = YES;
				GCC_WARN_ABOUT_RETURN_TYPE = YES_ERROR;
				GCC_WARN_UNDECLARED_SELECTOR = YES;
				GCC_WARN_UNINITIALIZED_AUTOS = YES_AGGRESSIVE;
				GCC_WARN_UNUSED_FUNCTION = YES;
				GCC_WARN_UNUSED_VARIABLE = YES;
				IPHONEOS_DEPLOYMENT_TARGET = 9.3;
				MTL_ENABLE_DEBUG_INFO = NO;
				SDKROOT = iphoneos;
				VALIDATE_PRODUCT = YES;
			};
			name = Release;
		};
		B67CE1FD21C75A74006F8D88 /* Debug */ = {
			isa = XCBuildConfiguration;
			buildSettings = {
				ASSETCATALOG_COMPILER_APPICON_NAME = AppIcon;
				INFOPLIST_FILE = DemoiOS/Info.plist;
				LD_RUNPATH_SEARCH_PATHS = "$(inherited) @executable_path/Frameworks";
				PRODUCT_BUNDLE_IDENTIFIER = com.wovert.DemoiOS;
				PRODUCT_NAME = "$(TARGET_NAME)";
			};
			name = Debug;
		};
		B67CE1FE21C75A74006F8D88 /* Release */ = {
			isa = XCBuildConfiguration;
			buildSettings = {
				ASSETCATALOG_COMPILER_APPICON_NAME = AppIcon;
				INFOPLIST_FILE = DemoiOS/Info.plist;
				LD_RUNPATH_SEARCH_PATHS = "$(inherited) @executable_path/Frameworks";
				PRODUCT_BUNDLE_IDENTIFIER = com.wovert.DemoiOS;
				PRODUCT_NAME = "$(TARGET_NAME)";
			};
			name = Release;
		};
		B67CE20021C75A74006F8D88 /* Debug */ = {
			isa = XCBuildConfiguration;
			buildSettings = {
				BUNDLE_LOADER = "$(TEST_HOST)";
				INFOPLIST_FILE = DemoiOSTests/Info.plist;
				LD_RUNPATH_SEARCH_PATHS = "$(inherited) @executable_path/Frameworks @loader_path/Frameworks";
				PRODUCT_BUNDLE_IDENTIFIER = com.wovert.DemoiOSTests;
				PRODUCT_NAME = "$(TARGET_NAME)";
				TEST_HOST = "$(BUILT_PRODUCTS_DIR)/DemoiOS.app/DemoiOS";
			};
			name = Debug;
		};
		B67CE20121C75A74006F8D88 /* Release */ = {
			isa = XCBuildConfiguration;
			buildSettings = {
				BUNDLE_LOADER = "$(TEST_HOST)";
				INFOPLIST_FILE = DemoiOSTests/Info.plist;
				LD_RUNPATH_SEARCH_PATHS = "$(inherited) @executable_path/Frameworks @loader_path/Frameworks";
				PRODUCT_BUNDLE_IDENTIFIER = com.wovert.DemoiOSTests;
				PRODUCT_NAME = "$(TARGET_NAME)";
				TEST_HOST = "$(BUILT_PRODUCTS_DIR)/DemoiOS.app/DemoiOS";
			};
			name = Release;
		};
		B67CE20321C75A74006F8D88 /* Debug */ = {
			isa = XCBuildConfiguration;
			buildSettings = {
				INFOPLIST_FILE = DemoiOSUITests/Info.plist;
				LD_RUNPATH_SEARCH_PATHS = "$(inherited) @executable_path/Frameworks @loader_path/Frameworks";
				PRODUCT_BUNDLE_IDENTIFIER = com.wovert.DemoiOSUITests;
				PRODUCT_NAME = "$(TARGET_NAME)";
				TEST_TARGET_NAME = DemoiOS;
			};
			name = Debug;
		};
		B67CE20421C75A74006F8D88 /* Release */ = {
			isa = XCBuildConfiguration;
			buildSettings = {
				INFOPLIST_FILE = DemoiOSUITests/Info.plist;
				LD_RUNPATH_SEARCH_PATHS = "$(inherited) @executable_path/Frameworks @loader_path/Frameworks";
				PRODUCT_BUNDLE_IDENTIFIER = com.wovert.DemoiOSUITests;
				PRODUCT_NAME = "$(TARGET_NAME)";
				TEST_TARGET_NAME = DemoiOS;
			};
			name = Release;
		};
/* End XCBuildConfiguration section */

/* Begin XCConfigurationList section */
		B67CE1CC21C75A74006F8D88 /* Build configuration list for PBXProject "DemoiOS" */ = {
			isa = XCConfigurationList;
			buildConfigurations = (
				B67CE1FA21C75A74006F8D88 /* Debug */,
				B67CE1FB21C75A74006F8D88 /* Release */,
			);
			defaultConfigurationIsVisible = 0;
			defaultConfigurationName = Release;
		};
		B67CE1FC21C75A74006F8D88 /* Build configuration list for PBXNativeTarget "DemoiOS" */ = {
			isa = XCConfigurationList;
			buildConfigurations = (
				B67CE1FD21C75A74006F8D88 /* Debug */,
				B67CE1FE21C75A74006F8D88 /* Release */,
			);
			defaultConfigurationIsVisible = 0;
			defaultConfigurationName = Release;
		};
		B67CE1FF21C75A74006F8D88 /* Build configuration list for PBXNativeTarget "DemoiOSTests" */ = {
			isa = XCConfigurationList;
			buildConfigurations = (
				B67CE20021C75A74006F8D88 /* Debug */,
				B67CE20121C75A74006F8D88 /* Release */,
			);
			defaultConfigurationIsVisible = 0;
			defaultConfigurationName = Release;
		};
		B67CE20221C75A74006F8D88 /* Build configuration list for PBXNativeTarget "DemoiOSUITests" */ = {
			isa = XCConfigurationList;
			buildConfigurations = (
				B67CE20321C75A74006F8D88 /* Debug */,
				B67CE20421C75A74006F8D88 /* Release */,
			);
			defaultConfigurationIsVisible = 0;
			defaultConfigurationName = Release;
		};
/* End XCConfigurationList section */

/* Begin XCVersionGroup section */
		B67CE1DB21C75A74006F8D88 /* DemoiOS.xcdatamodeld */ = {
			isa = XCVersionGroup;
			children = (
				B67CE1DC21C75A74006F8D88 /* DemoiOS.xcdatamodel */,
			);
			currentVersion = B67CE1DC21C75A74006F8D88 /* DemoiOS.xcdatamodel */;
			path = DemoiOS.xcdatamodeld;
			sourceTree = "<group>";
			versionGroupType = wrapper.xcdatamodel;
		};
/* End XCVersionGroup section */
	};
	rootObject = B67CE1C921C75A74006F8D88 /* Project object */;
}
